
Microsoft Visual Studio Solution File, Format Version 12.00
# Visual Studio Version 17
VisualStudioVersion = 17.11.35327.3
MinimumVisualStudioVersion = 10.0.40219.1
Project("{9A19103F-16F7-4668-BE54-9A1E7A4F7556}") = "SitiCommerce", "SitiCommerce.csproj", "{94EB123F-C75E-40D5-8D8E-8F6622CF5527}"
EndProject
Project("{2150E333-8FDC-42A3-9474-1A3956D46DE8}") = "API", "API", "{762C3BF0-F8E3-4386-A062-7B0E19AA4FDC}"
EndProject
Project("{2150E333-8FDC-42A3-9474-1A3956D46DE8}") = "BLL", "BLL", "{EB08C94A-F26D-4DEB-9C67-179FDE262F96}"
EndProject
Project("{2150E333-8FDC-42A3-9474-1A3956D46DE8}") = "Common", "Common", "{506F5657-B9ED-4C40-9299-4088A9662EDE}"
EndProject
Project("{9A19103F-16F7-4668-BE54-9A1E7A4F7556}") = "ProductBLL", "..\BLL\ProductBLL\ProductBLL.csproj", "{FF7C910F-8704-4774-914C-73AFB57BC096}"
EndProject
Project("{9A19103F-16F7-4668-BE54-9A1E7A4F7556}") = "CartBLL", "..\BLL\CartBLL\CartBLL.csproj", "{B25DDC5F-A6B2-4308-8151-6177DFB46A9E}"
EndProject
Project("{9A19103F-16F7-4668-BE54-9A1E7A4F7556}") = "OrderBLL", "..\BLL\OrderBLL\OrderBLL.csproj", "{BD16983F-A9D4-4818-B7F8-5E6028612BE2}"
EndProject
Project("{9A19103F-16F7-4668-BE54-9A1E7A4F7556}") = "ProductAPI", "..\API\ProductAPI\ProductAPI.csproj", "{27C34310-18DC-47AE-959A-A14F6F98DFA1}"
EndProject
Project("{9A19103F-16F7-4668-BE54-9A1E7A4F7556}") = "CartAPI", "..\API\CartAPI\CartAPI.csproj", "{6D802E23-A2C6-460E-8BDA-92CAC7A64BE4}"
EndProject
Project("{9A19103F-16F7-4668-BE54-9A1E7A4F7556}") = "OrderAPI", "..\API\OrderAPI\OrderAPI.csproj", "{187A45ED-3FEA-4BD8-B8FA-2878C50E9E7A}"
EndProject
Project("{9A19103F-16F7-4668-BE54-9A1E7A4F7556}") = "DAO", "..\Common\DAO\DAO.csproj", "{9C321EC0-53D7-4D32-A440-BEB47CC29B22}"
EndProject
Project("{9A19103F-16F7-4668-BE54-9A1E7A4F7556}") = "VO", "..\Common\VO\VO.csproj", "{41AA82C3-2BA5-4F8F-84F0-0D807591AE42}"
EndProject
Project("{9A19103F-16F7-4668-BE54-9A1E7A4F7556}") = "Helpers", "..\Common\Helpers\Helpers.csproj", "{26487A70-71BE-42F1-AD40-E31E67395E2A}"
EndProject
Global
	GlobalSection(SolutionConfigurationPlatforms) = preSolution
		Debug|Any CPU = Debug|Any CPU
		Release|Any CPU = Release|Any CPU
	EndGlobalSection
	GlobalSection(ProjectConfigurationPlatforms) = postSolution
		{94EB123F-C75E-40D5-8D8E-8F6622CF5527}.Debug|Any CPU.ActiveCfg = Debug|Any CPU
		{94EB123F-C75E-40D5-8D8E-8F6622CF5527}.Debug|Any CPU.Build.0 = Debug|Any CPU
		{94EB123F-C75E-40D5-8D8E-8F6622CF5527}.Release|Any CPU.ActiveCfg = Release|Any CPU
		{94EB123F-C75E-40D5-8D8E-8F6622CF5527}.Release|Any CPU.Build.0 = Release|Any CPU
		{FF7C910F-8704-4774-914C-73AFB57BC096}.Debug|Any CPU.ActiveCfg = Debug|Any CPU
		{FF7C910F-8704-4774-914C-73AFB57BC096}.Debug|Any CPU.Build.0 = Debug|Any CPU
		{FF7C910F-8704-4774-914C-73AFB57BC096}.Release|Any CPU.ActiveCfg = Release|Any CPU
		{FF7C910F-8704-4774-914C-73AFB57BC096}.Release|Any CPU.Build.0 = Release|Any CPU
		{B25DDC5F-A6B2-4308-8151-6177DFB46A9E}.Debug|Any CPU.ActiveCfg = Debug|Any CPU
		{B25DDC5F-A6B2-4308-8151-6177DFB46A9E}.Debug|Any CPU.Build.0 = Debug|Any CPU
		{B25DDC5F-A6B2-4308-8151-6177DFB46A9E}.Release|Any CPU.ActiveCfg = Release|Any CPU
		{B25DDC5F-A6B2-4308-8151-6177DFB46A9E}.Release|Any CPU.Build.0 = Release|Any CPU
		{BD16983F-A9D4-4818-B7F8-5E6028612BE2}.Debug|Any CPU.ActiveCfg = Debug|Any CPU
		{BD16983F-A9D4-4818-B7F8-5E6028612BE2}.Debug|Any CPU.Build.0 = Debug|Any CPU
		{BD16983F-A9D4-4818-B7F8-5E6028612BE2}.Release|Any CPU.ActiveCfg = Release|Any CPU
		{BD16983F-A9D4-4818-B7F8-5E6028612BE2}.Release|Any CPU.Build.0 = Release|Any CPU
		{27C34310-18DC-47AE-959A-A14F6F98DFA1}.Debug|Any CPU.ActiveCfg = Debug|Any CPU
		{27C34310-18DC-47AE-959A-A14F6F98DFA1}.Debug|Any CPU.Build.0 = Debug|Any CPU
		{27C34310-18DC-47AE-959A-A14F6F98DFA1}.Release|Any CPU.ActiveCfg = Release|Any CPU
		{27C34310-18DC-47AE-959A-A14F6F98DFA1}.Release|Any CPU.Build.0 = Release|Any CPU
		{6D802E23-A2C6-460E-8BDA-92CAC7A64BE4}.Debug|Any CPU.ActiveCfg = Debug|Any CPU
		{6D802E23-A2C6-460E-8BDA-92CAC7A64BE4}.Debug|Any CPU.Build.0 = Debug|Any CPU
		{6D802E23-A2C6-460E-8BDA-92CAC7A64BE4}.Release|Any CPU.ActiveCfg = Release|Any CPU
		{6D802E23-A2C6-460E-8BDA-92CAC7A64BE4}.Release|Any CPU.Build.0 = Release|Any CPU
		{187A45ED-3FEA-4BD8-B8FA-2878C50E9E7A}.Debug|Any CPU.ActiveCfg = Debug|Any CPU
		{187A45ED-3FEA-4BD8-B8FA-2878C50E9E7A}.Debug|Any CPU.Build.0 = Debug|Any CPU
		{187A45ED-3FEA-4BD8-B8FA-2878C50E9E7A}.Release|Any CPU.ActiveCfg = Release|Any CPU
		{187A45ED-3FEA-4BD8-B8FA-2878C50E9E7A}.Release|Any CPU.Build.0 = Release|Any CPU
		{9C321EC0-53D7-4D32-A440-BEB47CC29B22}.Debug|Any CPU.ActiveCfg = Debug|Any CPU
		{9C321EC0-53D7-4D32-A440-BEB47CC29B22}.Debug|Any CPU.Build.0 = Debug|Any CPU
		{9C321EC0-53D7-4D32-A440-BEB47CC29B22}.Release|Any CPU.ActiveCfg = Release|Any CPU
		{9C321EC0-53D7-4D32-A440-BEB47CC29B22}.Release|Any CPU.Build.0 = Release|Any CPU
		{41AA82C3-2BA5-4F8F-84F0-0D807591AE42}.Debug|Any CPU.ActiveCfg = Debug|Any CPU
		{41AA82C3-2BA5-4F8F-84F0-0D807591AE42}.Debug|Any CPU.Build.0 = Debug|Any CPU
		{41AA82C3-2BA5-4F8F-84F0-0D807591AE42}.Release|Any CPU.ActiveCfg = Release|Any CPU
		{41AA82C3-2BA5-4F8F-84F0-0D807591AE42}.Release|Any CPU.Build.0 = Release|Any CPU
		{26487A70-71BE-42F1-AD40-E31E67395E2A}.Debug|Any CPU.ActiveCfg = Debug|Any CPU
		{26487A70-71BE-42F1-AD40-E31E67395E2A}.Debug|Any CPU.Build.0 = Debug|Any CPU
		{26487A70-71BE-42F1-AD40-E31E67395E2A}.Release|Any CPU.ActiveCfg = Release|Any CPU
		{26487A70-71BE-42F1-AD40-E31E67395E2A}.Release|Any CPU.Build.0 = Release|Any CPU
	EndGlobalSection
	GlobalSection(SolutionProperties) = preSolution
		HideSolutionNode = FALSE
	EndGlobalSection
	GlobalSection(NestedProjects) = preSolution
		{FF7C910F-8704-4774-914C-73AFB57BC096} = {EB08C94A-F26D-4DEB-9C67-179FDE262F96}
		{B25DDC5F-A6B2-4308-8151-6177DFB46A9E} = {EB08C94A-F26D-4DEB-9C67-179FDE262F96}
		{BD16983F-A9D4-4818-B7F8-5E6028612BE2} = {EB08C94A-F26D-4DEB-9C67-179FDE262F96}
		{27C34310-18DC-47AE-959A-A14F6F98DFA1} = {762C3BF0-F8E3-4386-A062-7B0E19AA4FDC}
		{6D802E23-A2C6-460E-8BDA-92CAC7A64BE4} = {762C3BF0-F8E3-4386-A062-7B0E19AA4FDC}
		{187A45ED-3FEA-4BD8-B8FA-2878C50E9E7A} = {762C3BF0-F8E3-4386-A062-7B0E19AA4FDC}
		{9C321EC0-53D7-4D32-A440-BEB47CC29B22} = {506F5657-B9ED-4C40-9299-4088A9662EDE}
		{41AA82C3-2BA5-4F8F-84F0-0D807591AE42} = {506F5657-B9ED-4C40-9299-4088A9662EDE}
		{26487A70-71BE-42F1-AD40-E31E67395E2A} = {506F5657-B9ED-4C40-9299-4088A9662EDE}
	EndGlobalSection
	GlobalSection(ExtensibilityGlobals) = postSolution
		SolutionGuid = {B1AA9F85-AF6A-400B-B615-3FD504DF50EF}
	EndGlobalSection
EndGlobal
